dependencies:
- name: jupyterhub
  repository: https://jupyterhub.github.io/helm-chart/
  version: 0.7.0
- name: pluto
  repository: https://fairspace.github.io/helm-repo/
  version: 0.5.0-SNAPSHOT
- name: mercury
  repository: https://fairspace.github.io/helm-repo/
  version: 0.5.0-SNAPSHOT
- name: titan
  repository: https://fairspace.github.io/helm-repo/
  version: 0.5.0-SNAPSHOT
- name: ceres
  repository: https://fairspace.github.io/helm-repo/
  version: 0.5.0-SNAPSHOT
- name: neptune
  repository: https://fairspace.github.io/helm-repo/
  version: 0.5.0-SNAPSHOT
digest: sha256:6c60102832d7433336b5baf79da5dc1ac9fdedb1a9bdb02588bc5cff4d6a3a51
generated: 2018-10-17T16:41:02.904485732+02:00
