dependencies:
- name: jupyterhub
  repository: https://jupyterhub.github.io/helm-chart/
  version: 0.7.0
- name: elasticsearch
  repository: https://kubernetes-charts.storage.googleapis.com
  version: 1.21.2
digest: sha256:fc60e83ff0d1dcde19d878d306c6e6dc1d713cc275b13d7bfca406d7fe06b02a
generated: 2019-03-18T15:41:10.92819+01:00
