dependencies:
- name: jupyterhub
  repository: https://jupyterhub.github.io/helm-chart/
  version: 0.7.0
- name: elasticsearch
  repository: https://kubernetes-charts.storage.googleapis.com
  version: 1.21.2
digest: sha256:9509fe77bf1ab2b3871b177894009a07ef137f1751a93d2fc963fdd25179ec30
generated: 2019-03-12T13:07:12.116523+01:00
