dependencies:
- name: elasticsearch
  repository: https://kubernetes-charts.storage.googleapis.com
  version: 1.31.0
- name: keycloak
  repository: https://codecentric.github.io/helm-charts
  version: 7.5.0
digest: sha256:6685a43a3063b1e48a0d9a620b33beffc11e485f78a232b1e950c2f5b711a225
generated: "2020-03-26T12:33:37.154356453+01:00"
