dependencies:
- name: pluto
  repository: https://chartmuseum.jx.test.fairdev.app/
  version: 0.1.45
- name: mercury
  repository: https://chartmuseum.jx.test.fairdev.app/
  version: 0.1.39
- name: titan
  repository: https://chartmuseum.jx.test.fairdev.app/
  version: 0.1.3
- name: ceres
  repository: https://chartmuseum.jx.test.fairdev.app/
  version: 0.1.45
- name: neptune
  repository: https://chartmuseum.jx.test.fairdev.app/
  version: 0.2.25
digest: sha256:176753facd27d3bb49dc77ee5ecc90ad2508a61bba68a1d3f4088703d9f0c9f6
generated: 2018-08-21T11:54:29.242378281Z
