dependencies:
- name: jupyterhub
  repository: https://jupyterhub.github.io/helm-chart/
  version: v0.6
- name: mercury
  repository: https://chartmuseum.jx.test.fairdev.app/
  version: 0.0.3
digest: sha256:46c643ff85295cd7fe7a74677f64c156249dec1c34bf0673e3e8283c4f4792fe
generated: 2018-06-29T14:49:57.765718289Z
