dependencies:
- name: jupyterhub
  repository: https://jupyterhub.github.io/helm-chart/
  version: 0.7.0
- name: pluto
  repository: https://chartmuseum.jx.test.fairdev.app/
  version: 0.2.80
- name: mercury
  repository: https://chartmuseum.jx.test.fairdev.app/
  version: 0.2.107
- name: titan
  repository: https://chartmuseum.jx.test.fairdev.app/
  version: 0.2.30
- name: ceres
  repository: https://chartmuseum.jx.test.fairdev.app/
  version: 0.2.66
- name: neptune
  repository: https://chartmuseum.jx.test.fairdev.app/
  version: 0.4.30
digest: sha256:0fb9754accbbad59f78865ae57fad6ea6b8831292b176a043b8894f2b05cd0b8
generated: 2018-09-21T21:28:45.615008484Z
